// !$*UTF8*$!
{
	archiveVersion = 1;
	classes = {
	};
	objectVersion = 56;
	objects = {

/* Begin PBXBuildFile section */
		19ED770D073371B78C83E5B1 /* Pods_KarymPizza.framework in Frameworks */ = {isa = PBXBuildFile; fileRef = 2FFF77B53283E13F12909289 /* Pods_KarymPizza.framework */; };
		49E677849A570D628D68D64B /* Pods_KarymPizza_KarymPizzaUITests.framework in Frameworks */ = {isa = PBXBuildFile; fileRef = 9E020C1B0B75941A342C42A3 /* Pods_KarymPizza_KarymPizzaUITests.framework */; };
		D83D86597E1A7BD2F4E27ACD /* Pods_KarymPizzaTests.framework in Frameworks */ = {isa = PBXBuildFile; fileRef = 4BD29CCEC17E15E4C8B88A25 /* Pods_KarymPizzaTests.framework */; };
		F27C3746294F4325001C88F5 /* UIStacView.swift in Sources */ = {isa = PBXBuildFile; fileRef = F27C3745294F4325001C88F5 /* UIStacView.swift */; };
		F29084472949F28F00254522 /* Dynamic.swift in Sources */ = {isa = PBXBuildFile; fileRef = F29084462949F28F00254522 /* Dynamic.swift */; };
		F2BF6F6E294879E1007352C2 /* AppDelegate.swift in Sources */ = {isa = PBXBuildFile; fileRef = F2BF6F6D294879E1007352C2 /* AppDelegate.swift */; };
		F2BF6F70294879E1007352C2 /* SceneDelegate.swift in Sources */ = {isa = PBXBuildFile; fileRef = F2BF6F6F294879E1007352C2 /* SceneDelegate.swift */; };
		F2BF6F72294879E1007352C2 /* HomeViewController.swift in Sources */ = {isa = PBXBuildFile; fileRef = F2BF6F71294879E1007352C2 /* HomeViewController.swift */; };
		F2BF6F77294879E2007352C2 /* Assets.xcassets in Resources */ = {isa = PBXBuildFile; fileRef = F2BF6F76294879E2007352C2 /* Assets.xcassets */; };
		F2BF6F7A294879E2007352C2 /* LaunchScreen.storyboard in Resources */ = {isa = PBXBuildFile; fileRef = F2BF6F78294879E2007352C2 /* LaunchScreen.storyboard */; };
		F2BF6F85294879E3007352C2 /* KarymPizzaTests.swift in Sources */ = {isa = PBXBuildFile; fileRef = F2BF6F84294879E3007352C2 /* KarymPizzaTests.swift */; };
		F2BF6F8F294879E3007352C2 /* KarymPizzaUITests.swift in Sources */ = {isa = PBXBuildFile; fileRef = F2BF6F8E294879E3007352C2 /* KarymPizzaUITests.swift */; };
		F2BF6F91294879E3007352C2 /* KarymPizzaUITestsLaunchTests.swift in Sources */ = {isa = PBXBuildFile; fileRef = F2BF6F90294879E3007352C2 /* KarymPizzaUITestsLaunchTests.swift */; };
		F2BF6FA7294880A2007352C2 /* MenuViewController.swift in Sources */ = {isa = PBXBuildFile; fileRef = F2BF6FA6294880A2007352C2 /* MenuViewController.swift */; };
		F2BF6FA9294880D0007352C2 /* CartViewController.swift in Sources */ = {isa = PBXBuildFile; fileRef = F2BF6FA8294880D0007352C2 /* CartViewController.swift */; };
		F2BF6FAB2948810A007352C2 /* ContactsViewController.swift in Sources */ = {isa = PBXBuildFile; fileRef = F2BF6FAA2948810A007352C2 /* ContactsViewController.swift */; };
		F2BF6FAD29488138007352C2 /* LocationViewController.swift in Sources */ = {isa = PBXBuildFile; fileRef = F2BF6FAC29488138007352C2 /* LocationViewController.swift */; };
		F2BF6FB229488212007352C2 /* GoogleService-Info.plist in Resources */ = {isa = PBXBuildFile; fileRef = F2BF6FB129488212007352C2 /* GoogleService-Info.plist */; };
		F2BF6FB52948835E007352C2 /* FirebaseAuth in Frameworks */ = {isa = PBXBuildFile; productRef = F2BF6FB42948835E007352C2 /* FirebaseAuth */; };
		F2BF6FB72948835E007352C2 /* FirebaseDatabase in Frameworks */ = {isa = PBXBuildFile; productRef = F2BF6FB62948835E007352C2 /* FirebaseDatabase */; };
		F2BF6FB92948835E007352C2 /* FirebaseFirestore in Frameworks */ = {isa = PBXBuildFile; productRef = F2BF6FB82948835E007352C2 /* FirebaseFirestore */; };
		F2BF6FBB2948835F007352C2 /* FirebaseMessaging in Frameworks */ = {isa = PBXBuildFile; productRef = F2BF6FBA2948835F007352C2 /* FirebaseMessaging */; };
		F2BF6FBD2948835F007352C2 /* FirebaseStorage in Frameworks */ = {isa = PBXBuildFile; productRef = F2BF6FBC2948835F007352C2 /* FirebaseStorage */; };
		F2BF6FBF29488E55007352C2 /* MainTabBarController.swift in Sources */ = {isa = PBXBuildFile; fileRef = F2BF6FBE29488E55007352C2 /* MainTabBarController.swift */; };
		F2C1728A2948A37200BF96E1 /* DataBaseService.swift in Sources */ = {isa = PBXBuildFile; fileRef = F2C172892948A37200BF96E1 /* DataBaseService.swift */; };
		F2C1728C2948A3B300BF96E1 /* Product.swift in Sources */ = {isa = PBXBuildFile; fileRef = F2C1728B2948A3B300BF96E1 /* Product.swift */; };
		F2C1728E2948A3EE00BF96E1 /* MenuViewModel.swift in Sources */ = {isa = PBXBuildFile; fileRef = F2C1728D2948A3EE00BF96E1 /* MenuViewModel.swift */; };
		F2C172962948C59200BF96E1 /* MenuCell.swift in Sources */ = {isa = PBXBuildFile; fileRef = F2C172952948C59200BF96E1 /* MenuCell.swift */; };
		F2CD66C02948EE580013B38A /* UILabelExtension.swift in Sources */ = {isa = PBXBuildFile; fileRef = F2CD66BF2948EE580013B38A /* UILabelExtension.swift */; };
		F2CD66C22948F8960013B38A /* DetailsViewController.swift in Sources */ = {isa = PBXBuildFile; fileRef = F2CD66C12948F8960013B38A /* DetailsViewController.swift */; };
		F2CD66C42948F9220013B38A /* DetailsViewModel.swift in Sources */ = {isa = PBXBuildFile; fileRef = F2CD66C32948F9220013B38A /* DetailsViewModel.swift */; };
		F2CDC6112948DA94001871A0 /* MenuViewCell.swift in Sources */ = {isa = PBXBuildFile; fileRef = F2CDC6102948DA94001871A0 /* MenuViewCell.swift */; };
		F2D72295294DCBAA00A03440 /* HomeTableViewCell.swift in Sources */ = {isa = PBXBuildFile; fileRef = F2D72294294DCBAA00A03440 /* HomeTableViewCell.swift */; };
		F2D72297294DCE7600A03440 /* HomeViewCell.swift in Sources */ = {isa = PBXBuildFile; fileRef = F2D72296294DCE7600A03440 /* HomeViewCell.swift */; };
		F2E6A9F8294F2EAE008EC446 /* HomeViewModel.swift in Sources */ = {isa = PBXBuildFile; fileRef = F2E6A9F7294F2EAE008EC446 /* HomeViewModel.swift */; };
		F2F36FBF294F89B600F676C0 /* Home.swift in Sources */ = {isa = PBXBuildFile; fileRef = F2F36FBE294F89B600F676C0 /* Home.swift */; };
/* End PBXBuildFile section */

/* Begin PBXContainerItemProxy section */
		F2BF6F81294879E3007352C2 /* PBXContainerItemProxy */ = {
			isa = PBXContainerItemProxy;
			containerPortal = F2BF6F62294879E0007352C2 /* Project object */;
			proxyType = 1;
			remoteGlobalIDString = F2BF6F69294879E1007352C2;
			remoteInfo = KarymPizza;
		};
		F2BF6F8B294879E3007352C2 /* PBXContainerItemProxy */ = {
			isa = PBXContainerItemProxy;
			containerPortal = F2BF6F62294879E0007352C2 /* Project object */;
			proxyType = 1;
			remoteGlobalIDString = F2BF6F69294879E1007352C2;
			remoteInfo = KarymPizza;
		};
/* End PBXContainerItemProxy section */

/* Begin PBXFileReference section */
		0518E63F3886C08422AD4BD2 /* Pods-KarymPizzaTests.release.xcconfig */ = {isa = PBXFileReference; includeInIndex = 1; lastKnownFileType = text.xcconfig; name = "Pods-KarymPizzaTests.release.xcconfig"; path = "Target Support Files/Pods-KarymPizzaTests/Pods-KarymPizzaTests.release.xcconfig"; sourceTree = "<group>"; };
		1E1087475AAC11DF33072E57 /* Pods-KarymPizza.release.xcconfig */ = {isa = PBXFileReference; includeInIndex = 1; lastKnownFileType = text.xcconfig; name = "Pods-KarymPizza.release.xcconfig"; path = "Target Support Files/Pods-KarymPizza/Pods-KarymPizza.release.xcconfig"; sourceTree = "<group>"; };
		2BBB6E066C7443720449AC18 /* Pods-KarymPizza.debug.xcconfig */ = {isa = PBXFileReference; includeInIndex = 1; lastKnownFileType = text.xcconfig; name = "Pods-KarymPizza.debug.xcconfig"; path = "Target Support Files/Pods-KarymPizza/Pods-KarymPizza.debug.xcconfig"; sourceTree = "<group>"; };
		2FFF77B53283E13F12909289 /* Pods_KarymPizza.framework */ = {isa = PBXFileReference; explicitFileType = wrapper.framework; includeInIndex = 0; path = Pods_KarymPizza.framework; sourceTree = BUILT_PRODUCTS_DIR; };
		4BD29CCEC17E15E4C8B88A25 /* Pods_KarymPizzaTests.framework */ = {isa = PBXFileReference; explicitFileType = wrapper.framework; includeInIndex = 0; path = Pods_KarymPizzaTests.framework; sourceTree = BUILT_PRODUCTS_DIR; };
		6577805F02156C0E52ED30DA /* Pods-KarymPizzaTests.debug.xcconfig */ = {isa = PBXFileReference; includeInIndex = 1; lastKnownFileType = text.xcconfig; name = "Pods-KarymPizzaTests.debug.xcconfig"; path = "Target Support Files/Pods-KarymPizzaTests/Pods-KarymPizzaTests.debug.xcconfig"; sourceTree = "<group>"; };
		9E020C1B0B75941A342C42A3 /* Pods_KarymPizza_KarymPizzaUITests.framework */ = {isa = PBXFileReference; explicitFileType = wrapper.framework; includeInIndex = 0; path = Pods_KarymPizza_KarymPizzaUITests.framework; sourceTree = BUILT_PRODUCTS_DIR; };
		CFA24419FF494BADCE8085CF /* Pods-KarymPizza-KarymPizzaUITests.release.xcconfig */ = {isa = PBXFileReference; includeInIndex = 1; lastKnownFileType = text.xcconfig; name = "Pods-KarymPizza-KarymPizzaUITests.release.xcconfig"; path = "Target Support Files/Pods-KarymPizza-KarymPizzaUITests/Pods-KarymPizza-KarymPizzaUITests.release.xcconfig"; sourceTree = "<group>"; };
		DA325C60E08D1C190564671E /* Pods-KarymPizza-KarymPizzaUITests.debug.xcconfig */ = {isa = PBXFileReference; includeInIndex = 1; lastKnownFileType = text.xcconfig; name = "Pods-KarymPizza-KarymPizzaUITests.debug.xcconfig"; path = "Target Support Files/Pods-KarymPizza-KarymPizzaUITests/Pods-KarymPizza-KarymPizzaUITests.debug.xcconfig"; sourceTree = "<group>"; };
		F27C3745294F4325001C88F5 /* UIStacView.swift */ = {isa = PBXFileReference; lastKnownFileType = sourcecode.swift; path = UIStacView.swift; sourceTree = "<group>"; };
		F29084462949F28F00254522 /* Dynamic.swift */ = {isa = PBXFileReference; lastKnownFileType = sourcecode.swift; path = Dynamic.swift; sourceTree = "<group>"; };
		F2BF6F6A294879E1007352C2 /* KarymPizza.app */ = {isa = PBXFileReference; explicitFileType = wrapper.application; includeInIndex = 0; path = KarymPizza.app; sourceTree = BUILT_PRODUCTS_DIR; };
		F2BF6F6D294879E1007352C2 /* AppDelegate.swift */ = {isa = PBXFileReference; lastKnownFileType = sourcecode.swift; path = AppDelegate.swift; sourceTree = "<group>"; };
		F2BF6F6F294879E1007352C2 /* SceneDelegate.swift */ = {isa = PBXFileReference; lastKnownFileType = sourcecode.swift; path = SceneDelegate.swift; sourceTree = "<group>"; };
		F2BF6F71294879E1007352C2 /* HomeViewController.swift */ = {isa = PBXFileReference; lastKnownFileType = sourcecode.swift; path = HomeViewController.swift; sourceTree = "<group>"; };
		F2BF6F76294879E2007352C2 /* Assets.xcassets */ = {isa = PBXFileReference; lastKnownFileType = folder.assetcatalog; path = Assets.xcassets; sourceTree = "<group>"; };
		F2BF6F79294879E2007352C2 /* Base */ = {isa = PBXFileReference; lastKnownFileType = file.storyboard; name = Base; path = Base.lproj/LaunchScreen.storyboard; sourceTree = "<group>"; };
		F2BF6F7B294879E2007352C2 /* Info.plist */ = {isa = PBXFileReference; lastKnownFileType = text.plist.xml; path = Info.plist; sourceTree = "<group>"; };
		F2BF6F80294879E3007352C2 /* KarymPizzaTests.xctest */ = {isa = PBXFileReference; explicitFileType = wrapper.cfbundle; includeInIndex = 0; path = KarymPizzaTests.xctest; sourceTree = BUILT_PRODUCTS_DIR; };
		F2BF6F84294879E3007352C2 /* KarymPizzaTests.swift */ = {isa = PBXFileReference; lastKnownFileType = sourcecode.swift; path = KarymPizzaTests.swift; sourceTree = "<group>"; };
		F2BF6F8A294879E3007352C2 /* KarymPizzaUITests.xctest */ = {isa = PBXFileReference; explicitFileType = wrapper.cfbundle; includeInIndex = 0; path = KarymPizzaUITests.xctest; sourceTree = BUILT_PRODUCTS_DIR; };
		F2BF6F8E294879E3007352C2 /* KarymPizzaUITests.swift */ = {isa = PBXFileReference; lastKnownFileType = sourcecode.swift; path = KarymPizzaUITests.swift; sourceTree = "<group>"; };
		F2BF6F90294879E3007352C2 /* KarymPizzaUITestsLaunchTests.swift */ = {isa = PBXFileReference; lastKnownFileType = sourcecode.swift; path = KarymPizzaUITestsLaunchTests.swift; sourceTree = "<group>"; };
		F2BF6FA6294880A2007352C2 /* MenuViewController.swift */ = {isa = PBXFileReference; lastKnownFileType = sourcecode.swift; path = MenuViewController.swift; sourceTree = "<group>"; };
		F2BF6FA8294880D0007352C2 /* CartViewController.swift */ = {isa = PBXFileReference; lastKnownFileType = sourcecode.swift; path = CartViewController.swift; sourceTree = "<group>"; };
		F2BF6FAA2948810A007352C2 /* ContactsViewController.swift */ = {isa = PBXFileReference; lastKnownFileType = sourcecode.swift; path = ContactsViewController.swift; sourceTree = "<group>"; };
		F2BF6FAC29488138007352C2 /* LocationViewController.swift */ = {isa = PBXFileReference; lastKnownFileType = sourcecode.swift; path = LocationViewController.swift; sourceTree = "<group>"; };
		F2BF6FB129488212007352C2 /* GoogleService-Info.plist */ = {isa = PBXFileReference; fileEncoding = 4; lastKnownFileType = text.plist.xml; path = "GoogleService-Info.plist"; sourceTree = "<group>"; };
		F2BF6FBE29488E55007352C2 /* MainTabBarController.swift */ = {isa = PBXFileReference; lastKnownFileType = sourcecode.swift; path = MainTabBarController.swift; sourceTree = "<group>"; };
		F2C172892948A37200BF96E1 /* DataBaseService.swift */ = {isa = PBXFileReference; lastKnownFileType = sourcecode.swift; path = DataBaseService.swift; sourceTree = "<group>"; };
		F2C1728B2948A3B300BF96E1 /* Product.swift */ = {isa = PBXFileReference; lastKnownFileType = sourcecode.swift; path = Product.swift; sourceTree = "<group>"; };
		F2C1728D2948A3EE00BF96E1 /* MenuViewModel.swift */ = {isa = PBXFileReference; lastKnownFileType = sourcecode.swift; path = MenuViewModel.swift; sourceTree = "<group>"; };
		F2C172952948C59200BF96E1 /* MenuCell.swift */ = {isa = PBXFileReference; lastKnownFileType = sourcecode.swift; path = MenuCell.swift; sourceTree = "<group>"; };
		F2CD66BF2948EE580013B38A /* UILabelExtension.swift */ = {isa = PBXFileReference; lastKnownFileType = sourcecode.swift; path = UILabelExtension.swift; sourceTree = "<group>"; };
		F2CD66C12948F8960013B38A /* DetailsViewController.swift */ = {isa = PBXFileReference; lastKnownFileType = sourcecode.swift; path = DetailsViewController.swift; sourceTree = "<group>"; };
		F2CD66C32948F9220013B38A /* DetailsViewModel.swift */ = {isa = PBXFileReference; lastKnownFileType = sourcecode.swift; path = DetailsViewModel.swift; sourceTree = "<group>"; };
		F2CDC6102948DA94001871A0 /* MenuViewCell.swift */ = {isa = PBXFileReference; lastKnownFileType = sourcecode.swift; path = MenuViewCell.swift; sourceTree = "<group>"; };
		F2D72294294DCBAA00A03440 /* HomeTableViewCell.swift */ = {isa = PBXFileReference; lastKnownFileType = sourcecode.swift; path = HomeTableViewCell.swift; sourceTree = "<group>"; };
		F2D72296294DCE7600A03440 /* HomeViewCell.swift */ = {isa = PBXFileReference; lastKnownFileType = sourcecode.swift; path = HomeViewCell.swift; sourceTree = "<group>"; };
		F2E6A9F7294F2EAE008EC446 /* HomeViewModel.swift */ = {isa = PBXFileReference; lastKnownFileType = sourcecode.swift; path = HomeViewModel.swift; sourceTree = "<group>"; };
		F2F36FBE294F89B600F676C0 /* Home.swift */ = {isa = PBXFileReference; lastKnownFileType = sourcecode.swift; path = Home.swift; sourceTree = "<group>"; };
/* End PBXFileReference section */

/* Begin PBXFrameworksBuildPhase section */
		F2BF6F67294879E1007352C2 /* Frameworks */ = {
			isa = PBXFrameworksBuildPhase;
			buildActionMask = 2147483647;
			files = (
				F2BF6FBB2948835F007352C2 /* FirebaseMessaging in Frameworks */,
				F2BF6FB72948835E007352C2 /* FirebaseDatabase in Frameworks */,
				F2BF6FB52948835E007352C2 /* FirebaseAuth in Frameworks */,
				F2BF6FBD2948835F007352C2 /* FirebaseStorage in Frameworks */,
				F2BF6FB92948835E007352C2 /* FirebaseFirestore in Frameworks */,
				19ED770D073371B78C83E5B1 /* Pods_KarymPizza.framework in Frameworks */,
			);
			runOnlyForDeploymentPostprocessing = 0;
		};
		F2BF6F7D294879E3007352C2 /* Frameworks */ = {
			isa = PBXFrameworksBuildPhase;
			buildActionMask = 2147483647;
			files = (
				D83D86597E1A7BD2F4E27ACD /* Pods_KarymPizzaTests.framework in Frameworks */,
			);
			runOnlyForDeploymentPostprocessing = 0;
		};
		F2BF6F87294879E3007352C2 /* Frameworks */ = {
			isa = PBXFrameworksBuildPhase;
			buildActionMask = 2147483647;
			files = (
				49E677849A570D628D68D64B /* Pods_KarymPizza_KarymPizzaUITests.framework in Frameworks */,
			);
			runOnlyForDeploymentPostprocessing = 0;
		};
/* End PBXFrameworksBuildPhase section */

/* Begin PBXGroup section */
		026B5F0FC5BE7058AE653BF0 /* Frameworks */ = {
			isa = PBXGroup;
			children = (
				2FFF77B53283E13F12909289 /* Pods_KarymPizza.framework */,
				9E020C1B0B75941A342C42A3 /* Pods_KarymPizza_KarymPizzaUITests.framework */,
				4BD29CCEC17E15E4C8B88A25 /* Pods_KarymPizzaTests.framework */,
			);
			name = Frameworks;
			sourceTree = "<group>";
		};
		1D6D562BB4BB43AAA4599D06 /* Pods */ = {
			isa = PBXGroup;
			children = (
				2BBB6E066C7443720449AC18 /* Pods-KarymPizza.debug.xcconfig */,
				1E1087475AAC11DF33072E57 /* Pods-KarymPizza.release.xcconfig */,
				DA325C60E08D1C190564671E /* Pods-KarymPizza-KarymPizzaUITests.debug.xcconfig */,
				CFA24419FF494BADCE8085CF /* Pods-KarymPizza-KarymPizzaUITests.release.xcconfig */,
				6577805F02156C0E52ED30DA /* Pods-KarymPizzaTests.debug.xcconfig */,
				0518E63F3886C08422AD4BD2 /* Pods-KarymPizzaTests.release.xcconfig */,
			);
			path = Pods;
			sourceTree = "<group>";
		};
		F2BF6F61294879E0007352C2 = {
			isa = PBXGroup;
			children = (
				F2BF6F6C294879E1007352C2 /* KarymPizza */,
				F2BF6F83294879E3007352C2 /* KarymPizzaTests */,
				F2BF6F8D294879E3007352C2 /* KarymPizzaUITests */,
				F2BF6F6B294879E1007352C2 /* Products */,
				1D6D562BB4BB43AAA4599D06 /* Pods */,
				026B5F0FC5BE7058AE653BF0 /* Frameworks */,
			);
			sourceTree = "<group>";
		};
		F2BF6F6B294879E1007352C2 /* Products */ = {
			isa = PBXGroup;
			children = (
				F2BF6F6A294879E1007352C2 /* KarymPizza.app */,
				F2BF6F80294879E3007352C2 /* KarymPizzaTests.xctest */,
				F2BF6F8A294879E3007352C2 /* KarymPizzaUITests.xctest */,
			);
			name = Products;
			sourceTree = "<group>";
		};
		F2BF6F6C294879E1007352C2 /* KarymPizza */ = {
			isa = PBXGroup;
			children = (
				F2BF6FA529488058007352C2 /* NetworkManager */,
				F2BF6FA32948801F007352C2 /* Models */,
				F2BF6FA229488008007352C2 /* Views */,
				F2BF6FA42948802C007352C2 /* ViewModels */,
				F2CD66BE2948EE1D0013B38A /* Extension */,
				F2BF6F9D29487A90007352C2 /* Application */,
				F2BF6F9E29487A9D007352C2 /* Resources */,
			);
			path = KarymPizza;
			sourceTree = "<group>";
		};
		F2BF6F83294879E3007352C2 /* KarymPizzaTests */ = {
			isa = PBXGroup;
			children = (
				F2BF6F84294879E3007352C2 /* KarymPizzaTests.swift */,
			);
			path = KarymPizzaTests;
			sourceTree = "<group>";
		};
		F2BF6F8D294879E3007352C2 /* KarymPizzaUITests */ = {
			isa = PBXGroup;
			children = (
				F2BF6F8E294879E3007352C2 /* KarymPizzaUITests.swift */,
				F2BF6F90294879E3007352C2 /* KarymPizzaUITestsLaunchTests.swift */,
			);
			path = KarymPizzaUITests;
			sourceTree = "<group>";
		};
		F2BF6F9D29487A90007352C2 /* Application */ = {
			isa = PBXGroup;
			children = (
				F2BF6F6D294879E1007352C2 /* AppDelegate.swift */,
				F2BF6F6F294879E1007352C2 /* SceneDelegate.swift */,
			);
			path = Application;
			sourceTree = "<group>";
		};
		F2BF6F9E29487A9D007352C2 /* Resources */ = {
			isa = PBXGroup;
			children = (
				F2BF6FB129488212007352C2 /* GoogleService-Info.plist */,
				F2BF6F76294879E2007352C2 /* Assets.xcassets */,
				F2BF6F78294879E2007352C2 /* LaunchScreen.storyboard */,
				F2BF6F7B294879E2007352C2 /* Info.plist */,
			);
			path = Resources;
			sourceTree = "<group>";
		};
		F2BF6FA229488008007352C2 /* Views */ = {
			isa = PBXGroup;
			children = (
				F2BF6FAE29488149007352C2 /* Home */,
				F2E6A9F6294F2D75008EC446 /* Location */,
				F2CDC6122948E335001871A0 /* Menu */,
				F2BF6FB02948816C007352C2 /* Cart */,
				F2E6A9F5294F2D3A008EC446 /* Contacts */,
				F2C4C1A2294E58FB006927DD /* TabBar */,
				F2CD66C52948F93D0013B38A /* Details */,
			);
			path = Views;
			sourceTree = "<group>";
		};
		F2BF6FA32948801F007352C2 /* Models */ = {
			isa = PBXGroup;
			children = (
				F2C1728B2948A3B300BF96E1 /* Product.swift */,
				F2F36FBE294F89B600F676C0 /* Home.swift */,
			);
			path = Models;
			sourceTree = "<group>";
		};
		F2BF6FA42948802C007352C2 /* ViewModels */ = {
			isa = PBXGroup;
			children = (
				F29084462949F28F00254522 /* Dynamic.swift */,
				F2C1728D2948A3EE00BF96E1 /* MenuViewModel.swift */,
				F2E6A9F7294F2EAE008EC446 /* HomeViewModel.swift */,
				F2CD66C32948F9220013B38A /* DetailsViewModel.swift */,
			);
			path = ViewModels;
			sourceTree = "<group>";
		};
		F2BF6FA529488058007352C2 /* NetworkManager */ = {
			isa = PBXGroup;
			children = (
				F2C172892948A37200BF96E1 /* DataBaseService.swift */,
			);
			path = NetworkManager;
			sourceTree = "<group>";
		};
		F2BF6FAE29488149007352C2 /* Home */ = {
			isa = PBXGroup;
			children = (
				F2BF6F71294879E1007352C2 /* HomeViewController.swift */,
				F2D72293294DCB8100A03440 /* HomeCell */,
			);
			path = Home;
			sourceTree = "<group>";
		};
		F2BF6FB02948816C007352C2 /* Cart */ = {
			isa = PBXGroup;
			children = (
				F2BF6FA8294880D0007352C2 /* CartViewController.swift */,
			);
			path = Cart;
			sourceTree = "<group>";
		};
		F2C4C1A2294E58FB006927DD /* TabBar */ = {
			isa = PBXGroup;
			children = (
				F2BF6FBE29488E55007352C2 /* MainTabBarController.swift */,
			);
			path = TabBar;
			sourceTree = "<group>";
		};
		F2CD66BE2948EE1D0013B38A /* Extension */ = {
			isa = PBXGroup;
			children = (
				F2CD66BF2948EE580013B38A /* UILabelExtension.swift */,
				F27C3745294F4325001C88F5 /* UIStacView.swift */,
			);
			path = Extension;
			sourceTree = "<group>";
		};
		F2CD66C52948F93D0013B38A /* Details */ = {
			isa = PBXGroup;
			children = (
				F2CD66C12948F8960013B38A /* DetailsViewController.swift */,
			);
			path = Details;
			sourceTree = "<group>";
		};
		F2CDC60F2948DA7E001871A0 /* MenuCell */ = {
			isa = PBXGroup;
			children = (
				F2C172952948C59200BF96E1 /* MenuCell.swift */,
				F2CDC6102948DA94001871A0 /* MenuViewCell.swift */,
			);
			path = MenuCell;
			sourceTree = "<group>";
		};
		F2CDC6122948E335001871A0 /* Menu */ = {
			isa = PBXGroup;
			children = (
				F2BF6FA6294880A2007352C2 /* MenuViewController.swift */,
				F2CDC60F2948DA7E001871A0 /* MenuCell */,
			);
			path = Menu;
			sourceTree = "<group>";
		};
		F2D72293294DCB8100A03440 /* HomeCell */ = {
			isa = PBXGroup;
			children = (
				F2D72294294DCBAA00A03440 /* HomeTableViewCell.swift */,
				F2D72296294DCE7600A03440 /* HomeViewCell.swift */,
			);
			name = HomeCell;
			path = "New Group";
			sourceTree = "<group>";
		};
		F2E6A9F5294F2D3A008EC446 /* Contacts */ = {
			isa = PBXGroup;
			children = (
				F2BF6FAA2948810A007352C2 /* ContactsViewController.swift */,
			);
			path = Contacts;
			sourceTree = "<group>";
		};
		F2E6A9F6294F2D75008EC446 /* Location */ = {
			isa = PBXGroup;
			children = (
				F2BF6FAC29488138007352C2 /* LocationViewController.swift */,
			);
			path = Location;
			sourceTree = "<group>";
		};
/* End PBXGroup section */

/* Begin PBXNativeTarget section */
		F2BF6F69294879E1007352C2 /* KarymPizza */ = {
			isa = PBXNativeTarget;
			buildConfigurationList = F2BF6F94294879E3007352C2 /* Build configuration list for PBXNativeTarget "KarymPizza" */;
			buildPhases = (
				B07E1B4CC1B7026D076F32E3 /* [CP] Check Pods Manifest.lock */,
				F2BF6F66294879E1007352C2 /* Sources */,
				F2BF6F67294879E1007352C2 /* Frameworks */,
				F2BF6F68294879E1007352C2 /* Resources */,
				3D6E48A1D41726BC19109359 /* [CP] Embed Pods Frameworks */,
			);
			buildRules = (
			);
			dependencies = (
			);
			name = KarymPizza;
			packageProductDependencies = (
				F2BF6FB42948835E007352C2 /* FirebaseAuth */,
				F2BF6FB62948835E007352C2 /* FirebaseDatabase */,
				F2BF6FB82948835E007352C2 /* FirebaseFirestore */,
				F2BF6FBA2948835F007352C2 /* FirebaseMessaging */,
				F2BF6FBC2948835F007352C2 /* FirebaseStorage */,
			);
			productName = KarymPizza;
			productReference = F2BF6F6A294879E1007352C2 /* KarymPizza.app */;
			productType = "com.apple.product-type.application";
		};
		F2BF6F7F294879E3007352C2 /* KarymPizzaTests */ = {
			isa = PBXNativeTarget;
			buildConfigurationList = F2BF6F97294879E3007352C2 /* Build configuration list for PBXNativeTarget "KarymPizzaTests" */;
			buildPhases = (
				067B5D903348FF50CA553362 /* [CP] Check Pods Manifest.lock */,
				F2BF6F7C294879E3007352C2 /* Sources */,
				F2BF6F7D294879E3007352C2 /* Frameworks */,
				F2BF6F7E294879E3007352C2 /* Resources */,
			);
			buildRules = (
			);
			dependencies = (
				F2BF6F82294879E3007352C2 /* PBXTargetDependency */,
			);
			name = KarymPizzaTests;
			productName = KarymPizzaTests;
			productReference = F2BF6F80294879E3007352C2 /* KarymPizzaTests.xctest */;
			productType = "com.apple.product-type.bundle.unit-test";
		};
		F2BF6F89294879E3007352C2 /* KarymPizzaUITests */ = {
			isa = PBXNativeTarget;
			buildConfigurationList = F2BF6F9A294879E3007352C2 /* Build configuration list for PBXNativeTarget "KarymPizzaUITests" */;
			buildPhases = (
				3458AFD5809722E17ACFB86B /* [CP] Check Pods Manifest.lock */,
				F2BF6F86294879E3007352C2 /* Sources */,
				F2BF6F87294879E3007352C2 /* Frameworks */,
				F2BF6F88294879E3007352C2 /* Resources */,
				826896547EEE9170835D74B8 /* [CP] Embed Pods Frameworks */,
			);
			buildRules = (
			);
			dependencies = (
				F2BF6F8C294879E3007352C2 /* PBXTargetDependency */,
			);
			name = KarymPizzaUITests;
			productName = KarymPizzaUITests;
			productReference = F2BF6F8A294879E3007352C2 /* KarymPizzaUITests.xctest */;
			productType = "com.apple.product-type.bundle.ui-testing";
		};
/* End PBXNativeTarget section */

/* Begin PBXProject section */
		F2BF6F62294879E0007352C2 /* Project object */ = {
			isa = PBXProject;
			attributes = {
				BuildIndependentTargetsInParallel = 1;
				LastSwiftUpdateCheck = 1400;
				LastUpgradeCheck = 1400;
				TargetAttributes = {
					F2BF6F69294879E1007352C2 = {
						CreatedOnToolsVersion = 14.0.1;
					};
					F2BF6F7F294879E3007352C2 = {
						CreatedOnToolsVersion = 14.0.1;
						TestTargetID = F2BF6F69294879E1007352C2;
					};
					F2BF6F89294879E3007352C2 = {
						CreatedOnToolsVersion = 14.0.1;
						TestTargetID = F2BF6F69294879E1007352C2;
					};
				};
			};
			buildConfigurationList = F2BF6F65294879E0007352C2 /* Build configuration list for PBXProject "KarymPizza" */;
			compatibilityVersion = "Xcode 14.0";
			developmentRegion = en;
			hasScannedForEncodings = 0;
			knownRegions = (
				en,
				Base,
			);
			mainGroup = F2BF6F61294879E0007352C2;
			packageReferences = (
				F2BF6FB32948835E007352C2 /* XCRemoteSwiftPackageReference "firebase-ios-sdk" */,
			);
			productRefGroup = F2BF6F6B294879E1007352C2 /* Products */;
			projectDirPath = "";
			projectRoot = "";
			targets = (
				F2BF6F69294879E1007352C2 /* KarymPizza */,
				F2BF6F7F294879E3007352C2 /* KarymPizzaTests */,
				F2BF6F89294879E3007352C2 /* KarymPizzaUITests */,
			);
		};
/* End PBXProject section */

/* Begin PBXResourcesBuildPhase section */
		F2BF6F68294879E1007352C2 /* Resources */ = {
			isa = PBXResourcesBuildPhase;
			buildActionMask = 2147483647;
			files = (
				F2BF6F7A294879E2007352C2 /* LaunchScreen.storyboard in Resources */,
				F2BF6F77294879E2007352C2 /* Assets.xcassets in Resources */,
				F2BF6FB229488212007352C2 /* GoogleService-Info.plist in Resources */,
			);
			runOnlyForDeploymentPostprocessing = 0;
		};
		F2BF6F7E294879E3007352C2 /* Resources */ = {
			isa = PBXResourcesBuildPhase;
			buildActionMask = 2147483647;
			files = (
			);
			runOnlyForDeploymentPostprocessing = 0;
		};
		F2BF6F88294879E3007352C2 /* Resources */ = {
			isa = PBXResourcesBuildPhase;
			buildActionMask = 2147483647;
			files = (
			);
			runOnlyForDeploymentPostprocessing = 0;
		};
/* End PBXResourcesBuildPhase section */

/* Begin PBXShellScriptBuildPhase section */
		067B5D903348FF50CA553362 /* [CP] Check Pods Manifest.lock */ = {
			isa = PBXShellScriptBuildPhase;
			buildActionMask = 2147483647;
			files = (
			);
			inputFileListPaths = (
			);
			inputPaths = (
				"${PODS_PODFILE_DIR_PATH}/Podfile.lock",
				"${PODS_ROOT}/Manifest.lock",
			);
			name = "[CP] Check Pods Manifest.lock";
			outputFileListPaths = (
			);
			outputPaths = (
				"$(DERIVED_FILE_DIR)/Pods-KarymPizzaTests-checkManifestLockResult.txt",
			);
			runOnlyForDeploymentPostprocessing = 0;
			shellPath = /bin/sh;
			shellScript = "diff \"${PODS_PODFILE_DIR_PATH}/Podfile.lock\" \"${PODS_ROOT}/Manifest.lock\" > /dev/null\nif [ $? != 0 ] ; then\n    # print error to STDERR\n    echo \"error: The sandbox is not in sync with the Podfile.lock. Run 'pod install' or update your CocoaPods installation.\" >&2\n    exit 1\nfi\n# This output is used by Xcode 'outputs' to avoid re-running this script phase.\necho \"SUCCESS\" > \"${SCRIPT_OUTPUT_FILE_0}\"\n";
			showEnvVarsInLog = 0;
		};
		3458AFD5809722E17ACFB86B /* [CP] Check Pods Manifest.lock */ = {
			isa = PBXShellScriptBuildPhase;
			buildActionMask = 2147483647;
			files = (
			);
			inputFileListPaths = (
			);
			inputPaths = (
				"${PODS_PODFILE_DIR_PATH}/Podfile.lock",
				"${PODS_ROOT}/Manifest.lock",
			);
			name = "[CP] Check Pods Manifest.lock";
			outputFileListPaths = (
			);
			outputPaths = (
				"$(DERIVED_FILE_DIR)/Pods-KarymPizza-KarymPizzaUITests-checkManifestLockResult.txt",
			);
			runOnlyForDeploymentPostprocessing = 0;
			shellPath = /bin/sh;
			shellScript = "diff \"${PODS_PODFILE_DIR_PATH}/Podfile.lock\" \"${PODS_ROOT}/Manifest.lock\" > /dev/null\nif [ $? != 0 ] ; then\n    # print error to STDERR\n    echo \"error: The sandbox is not in sync with the Podfile.lock. Run 'pod install' or update your CocoaPods installation.\" >&2\n    exit 1\nfi\n# This output is used by Xcode 'outputs' to avoid re-running this script phase.\necho \"SUCCESS\" > \"${SCRIPT_OUTPUT_FILE_0}\"\n";
			showEnvVarsInLog = 0;
		};
		3D6E48A1D41726BC19109359 /* [CP] Embed Pods Frameworks */ = {
			isa = PBXShellScriptBuildPhase;
			buildActionMask = 2147483647;
			files = (
			);
			inputFileListPaths = (
				"${PODS_ROOT}/Target Support Files/Pods-KarymPizza/Pods-KarymPizza-frameworks-${CONFIGURATION}-input-files.xcfilelist",
			);
			name = "[CP] Embed Pods Frameworks";
			outputFileListPaths = (
				"${PODS_ROOT}/Target Support Files/Pods-KarymPizza/Pods-KarymPizza-frameworks-${CONFIGURATION}-output-files.xcfilelist",
			);
			runOnlyForDeploymentPostprocessing = 0;
			shellPath = /bin/sh;
			shellScript = "\"${PODS_ROOT}/Target Support Files/Pods-KarymPizza/Pods-KarymPizza-frameworks.sh\"\n";
			showEnvVarsInLog = 0;
		};
		826896547EEE9170835D74B8 /* [CP] Embed Pods Frameworks */ = {
			isa = PBXShellScriptBuildPhase;
			buildActionMask = 2147483647;
			files = (
			);
			inputFileListPaths = (
				"${PODS_ROOT}/Target Support Files/Pods-KarymPizza-KarymPizzaUITests/Pods-KarymPizza-KarymPizzaUITests-frameworks-${CONFIGURATION}-input-files.xcfilelist",
			);
			name = "[CP] Embed Pods Frameworks";
			outputFileListPaths = (
				"${PODS_ROOT}/Target Support Files/Pods-KarymPizza-KarymPizzaUITests/Pods-KarymPizza-KarymPizzaUITests-frameworks-${CONFIGURATION}-output-files.xcfilelist",
			);
			runOnlyForDeploymentPostprocessing = 0;
			shellPath = /bin/sh;
			shellScript = "\"${PODS_ROOT}/Target Support Files/Pods-KarymPizza-KarymPizzaUITests/Pods-KarymPizza-KarymPizzaUITests-frameworks.sh\"\n";
			showEnvVarsInLog = 0;
		};
		B07E1B4CC1B7026D076F32E3 /* [CP] Check Pods Manifest.lock */ = {
			isa = PBXShellScriptBuildPhase;
			buildActionMask = 2147483647;
			files = (
			);
			inputFileListPaths = (
			);
			inputPaths = (
				"${PODS_PODFILE_DIR_PATH}/Podfile.lock",
				"${PODS_ROOT}/Manifest.lock",
			);
			name = "[CP] Check Pods Manifest.lock";
			outputFileListPaths = (
			);
			outputPaths = (
				"$(DERIVED_FILE_DIR)/Pods-KarymPizza-checkManifestLockResult.txt",
			);
			runOnlyForDeploymentPostprocessing = 0;
			shellPath = /bin/sh;
			shellScript = "diff \"${PODS_PODFILE_DIR_PATH}/Podfile.lock\" \"${PODS_ROOT}/Manifest.lock\" > /dev/null\nif [ $? != 0 ] ; then\n    # print error to STDERR\n    echo \"error: The sandbox is not in sync with the Podfile.lock. Run 'pod install' or update your CocoaPods installation.\" >&2\n    exit 1\nfi\n# This output is used by Xcode 'outputs' to avoid re-running this script phase.\necho \"SUCCESS\" > \"${SCRIPT_OUTPUT_FILE_0}\"\n";
			showEnvVarsInLog = 0;
		};
/* End PBXShellScriptBuildPhase section */

/* Begin PBXSourcesBuildPhase section */
		F2BF6F66294879E1007352C2 /* Sources */ = {
			isa = PBXSourcesBuildPhase;
			buildActionMask = 2147483647;
			files = (
				F2C172962948C59200BF96E1 /* MenuCell.swift in Sources */,
				F2CDC6112948DA94001871A0 /* MenuViewCell.swift in Sources */,
				F27C3746294F4325001C88F5 /* UIStacView.swift in Sources */,
				F2BF6F72294879E1007352C2 /* HomeViewController.swift in Sources */,
				F2E6A9F8294F2EAE008EC446 /* HomeViewModel.swift in Sources */,
				F29084472949F28F00254522 /* Dynamic.swift in Sources */,
				F2CD66C42948F9220013B38A /* DetailsViewModel.swift in Sources */,
				F2BF6F6E294879E1007352C2 /* AppDelegate.swift in Sources */,
				F2D72295294DCBAA00A03440 /* HomeTableViewCell.swift in Sources */,
				F2CD66C02948EE580013B38A /* UILabelExtension.swift in Sources */,
				F2C1728A2948A37200BF96E1 /* DataBaseService.swift in Sources */,
				F2BF6FBF29488E55007352C2 /* MainTabBarController.swift in Sources */,
				F2BF6FA9294880D0007352C2 /* CartViewController.swift in Sources */,
				F2C1728E2948A3EE00BF96E1 /* MenuViewModel.swift in Sources */,
				F2F36FBF294F89B600F676C0 /* Home.swift in Sources */,
				F2BF6F70294879E1007352C2 /* SceneDelegate.swift in Sources */,
				F2BF6FAD29488138007352C2 /* LocationViewController.swift in Sources */,
				F2C1728C2948A3B300BF96E1 /* Product.swift in Sources */,
				F2BF6FA7294880A2007352C2 /* MenuViewController.swift in Sources */,
				F2D72297294DCE7600A03440 /* HomeViewCell.swift in Sources */,
				F2BF6FAB2948810A007352C2 /* ContactsViewController.swift in Sources */,
				F2CD66C22948F8960013B38A /* DetailsViewController.swift in Sources */,
			);
			runOnlyForDeploymentPostprocessing = 0;
		};
		F2BF6F7C294879E3007352C2 /* Sources */ = {
			isa = PBXSourcesBuildPhase;
			buildActionMask = 2147483647;
			files = (
				F2BF6F85294879E3007352C2 /* KarymPizzaTests.swift in Sources */,
			);
			runOnlyForDeploymentPostprocessing = 0;
		};
		F2BF6F86294879E3007352C2 /* Sources */ = {
			isa = PBXSourcesBuildPhase;
			buildActionMask = 2147483647;
			files = (
				F2BF6F91294879E3007352C2 /* KarymPizzaUITestsLaunchTests.swift in Sources */,
				F2BF6F8F294879E3007352C2 /* KarymPizzaUITests.swift in Sources */,
			);
			runOnlyForDeploymentPostprocessing = 0;
		};
/* End PBXSourcesBuildPhase section */

/* Begin PBXTargetDependency section */
		F2BF6F82294879E3007352C2 /* PBXTargetDependency */ = {
			isa = PBXTargetDependency;
			target = F2BF6F69294879E1007352C2 /* KarymPizza */;
			targetProxy = F2BF6F81294879E3007352C2 /* PBXContainerItemProxy */;
		};
		F2BF6F8C294879E3007352C2 /* PBXTargetDependency */ = {
			isa = PBXTargetDependency;
			target = F2BF6F69294879E1007352C2 /* KarymPizza */;
			targetProxy = F2BF6F8B294879E3007352C2 /* PBXContainerItemProxy */;
		};
/* End PBXTargetDependency section */

/* Begin PBXVariantGroup section */
		F2BF6F78294879E2007352C2 /* LaunchScreen.storyboard */ = {
			isa = PBXVariantGroup;
			children = (
				F2BF6F79294879E2007352C2 /* Base */,
			);
			name = LaunchScreen.storyboard;
			sourceTree = "<group>";
		};
/* End PBXVariantGroup section */

/* Begin XCBuildConfiguration section */
		F2BF6F92294879E3007352C2 /* Debug */ = {
			isa = XCBuildConfiguration;
			buildSettings = {
				ALWAYS_SEARCH_USER_PATHS = NO;
				CLANG_ANALYZER_NONNULL = YES;
				CLANG_ANALYZER_NUMBER_OBJECT_CONVERSION = YES_AGGRESSIVE;
				CLANG_CXX_LANGUAGE_STANDARD = "gnu++20";
				CLANG_ENABLE_MODULES = YES;
				CLANG_ENABLE_OBJC_ARC = YES;
				CLANG_ENABLE_OBJC_WEAK = YES;
				CLANG_WARN_BLOCK_CAPTURE_AUTORELEASING = YES;
				CLANG_WARN_BOOL_CONVERSION = YES;
				CLANG_WARN_COMMA = YES;
				CLANG_WARN_CONSTANT_CONVERSION = YES;
				CLANG_WARN_DEPRECATED_OBJC_IMPLEMENTATIONS = YES;
				CLANG_WARN_DIRECT_OBJC_ISA_USAGE = YES_ERROR;
				CLANG_WARN_DOCUMENTATION_COMMENTS = YES;
				CLANG_WARN_EMPTY_BODY = YES;
				CLANG_WARN_ENUM_CONVERSION = YES;
				CLANG_WARN_INFINITE_RECURSION = YES;
				CLANG_WARN_INT_CONVERSION = YES;
				CLANG_WARN_NON_LITERAL_NULL_CONVERSION = YES;
				CLANG_WARN_OBJC_IMPLICIT_RETAIN_SELF = YES;
				CLANG_WARN_OBJC_LITERAL_CONVERSION = YES;
				CLANG_WARN_OBJC_ROOT_CLASS = YES_ERROR;
				CLANG_WARN_QUOTED_INCLUDE_IN_FRAMEWORK_HEADER = YES;
				CLANG_WARN_RANGE_LOOP_ANALYSIS = YES;
				CLANG_WARN_STRICT_PROTOTYPES = YES;
				CLANG_WARN_SUSPICIOUS_MOVE = YES;
				CLANG_WARN_UNGUARDED_AVAILABILITY = YES_AGGRESSIVE;
				CLANG_WARN_UNREACHABLE_CODE = YES;
				CLANG_WARN__DUPLICATE_METHOD_MATCH = YES;
				COPY_PHASE_STRIP = NO;
				DEBUG_INFORMATION_FORMAT = dwarf;
				ENABLE_STRICT_OBJC_MSGSEND = YES;
				ENABLE_TESTABILITY = YES;
				GCC_C_LANGUAGE_STANDARD = gnu11;
				GCC_DYNAMIC_NO_PIC = NO;
				GCC_NO_COMMON_BLOCKS = YES;
				GCC_OPTIMIZATION_LEVEL = 0;
				GCC_PREPROCESSOR_DEFINITIONS = (
					"DEBUG=1",
					"$(inherited)",
				);
				GCC_WARN_64_TO_32_BIT_CONVERSION = YES;
				GCC_WARN_ABOUT_RETURN_TYPE = YES_ERROR;
				GCC_WARN_UNDECLARED_SELECTOR = YES;
				GCC_WARN_UNINITIALIZED_AUTOS = YES_AGGRESSIVE;
				GCC_WARN_UNUSED_FUNCTION = YES;
				GCC_WARN_UNUSED_VARIABLE = YES;
				IPHONEOS_DEPLOYMENT_TARGET = 16.0;
				MTL_ENABLE_DEBUG_INFO = INCLUDE_SOURCE;
				MTL_FAST_MATH = YES;
				ONLY_ACTIVE_ARCH = YES;
				SDKROOT = iphoneos;
				SWIFT_ACTIVE_COMPILATION_CONDITIONS = DEBUG;
				SWIFT_OPTIMIZATION_LEVEL = "-Onone";
			};
			name = Debug;
		};
		F2BF6F93294879E3007352C2 /* Release */ = {
			isa = XCBuildConfiguration;
			buildSettings = {
				ALWAYS_SEARCH_USER_PATHS = NO;
				CLANG_ANALYZER_NONNULL = YES;
				CLANG_ANALYZER_NUMBER_OBJECT_CONVERSION = YES_AGGRESSIVE;
				CLANG_CXX_LANGUAGE_STANDARD = "gnu++20";
				CLANG_ENABLE_MODULES = YES;
				CLANG_ENABLE_OBJC_ARC = YES;
				CLANG_ENABLE_OBJC_WEAK = YES;
				CLANG_WARN_BLOCK_CAPTURE_AUTORELEASING = YES;
				CLANG_WARN_BOOL_CONVERSION = YES;
				CLANG_WARN_COMMA = YES;
				CLANG_WARN_CONSTANT_CONVERSION = YES;
				CLANG_WARN_DEPRECATED_OBJC_IMPLEMENTATIONS = YES;
				CLANG_WARN_DIRECT_OBJC_ISA_USAGE = YES_ERROR;
				CLANG_WARN_DOCUMENTATION_COMMENTS = YES;
				CLANG_WARN_EMPTY_BODY = YES;
				CLANG_WARN_ENUM_CONVERSION = YES;
				CLANG_WARN_INFINITE_RECURSION = YES;
				CLANG_WARN_INT_CONVERSION = YES;
				CLANG_WARN_NON_LITERAL_NULL_CONVERSION = YES;
				CLANG_WARN_OBJC_IMPLICIT_RETAIN_SELF = YES;
				CLANG_WARN_OBJC_LITERAL_CONVERSION = YES;
				CLANG_WARN_OBJC_ROOT_CLASS = YES_ERROR;
				CLANG_WARN_QUOTED_INCLUDE_IN_FRAMEWORK_HEADER = YES;
				CLANG_WARN_RANGE_LOOP_ANALYSIS = YES;
				CLANG_WARN_STRICT_PROTOTYPES = YES;
				CLANG_WARN_SUSPICIOUS_MOVE = YES;
				CLANG_WARN_UNGUARDED_AVAILABILITY = YES_AGGRESSIVE;
				CLANG_WARN_UNREACHABLE_CODE = YES;
				CLANG_WARN__DUPLICATE_METHOD_MATCH = YES;
				COPY_PHASE_STRIP = NO;
				DEBUG_INFORMATION_FORMAT = "dwarf-with-dsym";
				ENABLE_NS_ASSERTIONS = NO;
				ENABLE_STRICT_OBJC_MSGSEND = YES;
				GCC_C_LANGUAGE_STANDARD = gnu11;
				GCC_NO_COMMON_BLOCKS = YES;
				GCC_WARN_64_TO_32_BIT_CONVERSION = YES;
				GCC_WARN_ABOUT_RETURN_TYPE = YES_ERROR;
				GCC_WARN_UNDECLARED_SELECTOR = YES;
				GCC_WARN_UNINITIALIZED_AUTOS = YES_AGGRESSIVE;
				GCC_WARN_UNUSED_FUNCTION = YES;
				GCC_WARN_UNUSED_VARIABLE = YES;
				IPHONEOS_DEPLOYMENT_TARGET = 16.0;
				MTL_ENABLE_DEBUG_INFO = NO;
				MTL_FAST_MATH = YES;
				SDKROOT = iphoneos;
				SWIFT_COMPILATION_MODE = wholemodule;
				SWIFT_OPTIMIZATION_LEVEL = "-O";
				VALIDATE_PRODUCT = YES;
			};
			name = Release;
		};
		F2BF6F95294879E3007352C2 /* Debug */ = {
			isa = XCBuildConfiguration;
			baseConfigurationReference = 2BBB6E066C7443720449AC18 /* Pods-KarymPizza.debug.xcconfig */;
			buildSettings = {
				ASSETCATALOG_COMPILER_APPICON_NAME = AppIcon;
				ASSETCATALOG_COMPILER_GLOBAL_ACCENT_COLOR_NAME = AccentColor;
				CODE_SIGN_STYLE = Automatic;
				CURRENT_PROJECT_VERSION = 1;
				DEVELOPMENT_TEAM = T73BLRAKR5;
				GENERATE_INFOPLIST_FILE = YES;
				INFOPLIST_FILE = KarymPizza/Resources/Info.plist;
				INFOPLIST_KEY_LSApplicationCategoryType = "public.app-category.food-and-drink";
				INFOPLIST_KEY_UIApplicationSupportsIndirectInputEvents = YES;
				INFOPLIST_KEY_UILaunchStoryboardName = LaunchScreen;
				INFOPLIST_KEY_UISupportedInterfaceOrientations = UIInterfaceOrientationPortrait;
				IPHONEOS_DEPLOYMENT_TARGET = 15.0;
				LD_RUNPATH_SEARCH_PATHS = (
					"$(inherited)",
					"@executable_path/Frameworks",
				);
				MARKETING_VERSION = 1.0;
				PRODUCT_BUNDLE_IDENTIFIER = com.KarymPizza;
				PRODUCT_NAME = "$(TARGET_NAME)";
				SUPPORTED_PLATFORMS = "iphoneos iphonesimulator";
				SUPPORTS_MACCATALYST = NO;
				SUPPORTS_MAC_DESIGNED_FOR_IPHONE_IPAD = NO;
				SWIFT_EMIT_LOC_STRINGS = YES;
				SWIFT_VERSION = 5.0;
				TARGETED_DEVICE_FAMILY = 1;
			};
			name = Debug;
		};
		F2BF6F96294879E3007352C2 /* Release */ = {
			isa = XCBuildConfiguration;
			baseConfigurationReference = 1E1087475AAC11DF33072E57 /* Pods-KarymPizza.release.xcconfig */;
			buildSettings = {
				ASSETCATALOG_COMPILER_APPICON_NAME = AppIcon;
				ASSETCATALOG_COMPILER_GLOBAL_ACCENT_COLOR_NAME = AccentColor;
				CODE_SIGN_STYLE = Automatic;
				CURRENT_PROJECT_VERSION = 1;
				DEVELOPMENT_TEAM = T73BLRAKR5;
				GENERATE_INFOPLIST_FILE = YES;
				INFOPLIST_FILE = KarymPizza/Resources/Info.plist;
				INFOPLIST_KEY_LSApplicationCategoryType = "public.app-category.food-and-drink";
				INFOPLIST_KEY_UIApplicationSupportsIndirectInputEvents = YES;
				INFOPLIST_KEY_UILaunchStoryboardName = LaunchScreen;
				INFOPLIST_KEY_UISupportedInterfaceOrientations = UIInterfaceOrientationPortrait;
				IPHONEOS_DEPLOYMENT_TARGET = 15.0;
				LD_RUNPATH_SEARCH_PATHS = (
					"$(inherited)",
					"@executable_path/Frameworks",
				);
				MARKETING_VERSION = 1.0;
				PRODUCT_BUNDLE_IDENTIFIER = com.KarymPizza;
				PRODUCT_NAME = "$(TARGET_NAME)";
				SUPPORTED_PLATFORMS = "iphoneos iphonesimulator";
				SUPPORTS_MACCATALYST = NO;
				SUPPORTS_MAC_DESIGNED_FOR_IPHONE_IPAD = NO;
				SWIFT_EMIT_LOC_STRINGS = YES;
				SWIFT_VERSION = 5.0;
				TARGETED_DEVICE_FAMILY = 1;
			};
			name = Release;
		};
		F2BF6F98294879E3007352C2 /* Debug */ = {
			isa = XCBuildConfiguration;
			baseConfigurationReference = 6577805F02156C0E52ED30DA /* Pods-KarymPizzaTests.debug.xcconfig */;
			buildSettings = {
				ALWAYS_EMBED_SWIFT_STANDARD_LIBRARIES = YES;
				BUNDLE_LOADER = "$(TEST_HOST)";
				CODE_SIGN_STYLE = Automatic;
				CURRENT_PROJECT_VERSION = 1;
				DEVELOPMENT_TEAM = T73BLRAKR5;
				GENERATE_INFOPLIST_FILE = YES;
				IPHONEOS_DEPLOYMENT_TARGET = 16.0;
				MARKETING_VERSION = 1.0;
				PRODUCT_BUNDLE_IDENTIFIER = com.KarymPizzaTests;
				PRODUCT_NAME = "$(TARGET_NAME)";
				SWIFT_EMIT_LOC_STRINGS = NO;
				SWIFT_VERSION = 5.0;
				TARGETED_DEVICE_FAMILY = "1,2";
				TEST_HOST = "$(BUILT_PRODUCTS_DIR)/KarymPizza.app/$(BUNDLE_EXECUTABLE_FOLDER_PATH)/KarymPizza";
			};
			name = Debug;
		};
		F2BF6F99294879E3007352C2 /* Release */ = {
			isa = XCBuildConfiguration;
			baseConfigurationReference = 0518E63F3886C08422AD4BD2 /* Pods-KarymPizzaTests.release.xcconfig */;
			buildSettings = {
				ALWAYS_EMBED_SWIFT_STANDARD_LIBRARIES = YES;
				BUNDLE_LOADER = "$(TEST_HOST)";
				CODE_SIGN_STYLE = Automatic;
				CURRENT_PROJECT_VERSION = 1;
				DEVELOPMENT_TEAM = T73BLRAKR5;
				GENERATE_INFOPLIST_FILE = YES;
				IPHONEOS_DEPLOYMENT_TARGET = 16.0;
				MARKETING_VERSION = 1.0;
				PRODUCT_BUNDLE_IDENTIFIER = com.KarymPizzaTests;
				PRODUCT_NAME = "$(TARGET_NAME)";
				SWIFT_EMIT_LOC_STRINGS = NO;
				SWIFT_VERSION = 5.0;
				TARGETED_DEVICE_FAMILY = "1,2";
				TEST_HOST = "$(BUILT_PRODUCTS_DIR)/KarymPizza.app/$(BUNDLE_EXECUTABLE_FOLDER_PATH)/KarymPizza";
			};
			name = Release;
		};
		F2BF6F9B294879E3007352C2 /* Debug */ = {
			isa = XCBuildConfiguration;
			baseConfigurationReference = DA325C60E08D1C190564671E /* Pods-KarymPizza-KarymPizzaUITests.debug.xcconfig */;
			buildSettings = {
				ALWAYS_EMBED_SWIFT_STANDARD_LIBRARIES = YES;
				CODE_SIGN_STYLE = Automatic;
				CURRENT_PROJECT_VERSION = 1;
				DEVELOPMENT_TEAM = T73BLRAKR5;
				GENERATE_INFOPLIST_FILE = YES;
				MARKETING_VERSION = 1.0;
				PRODUCT_BUNDLE_IDENTIFIER = com.KarymPizzaUITests;
				PRODUCT_NAME = "$(TARGET_NAME)";
				SWIFT_EMIT_LOC_STRINGS = NO;
				SWIFT_VERSION = 5.0;
				TARGETED_DEVICE_FAMILY = "1,2";
				TEST_TARGET_NAME = KarymPizza;
			};
			name = Debug;
		};
		F2BF6F9C294879E3007352C2 /* Release */ = {
			isa = XCBuildConfiguration;
			baseConfigurationReference = CFA24419FF494BADCE8085CF /* Pods-KarymPizza-KarymPizzaUITests.release.xcconfig */;
			buildSettings = {
				ALWAYS_EMBED_SWIFT_STANDARD_LIBRARIES = YES;
				CODE_SIGN_STYLE = Automatic;
				CURRENT_PROJECT_VERSION = 1;
				DEVELOPMENT_TEAM = T73BLRAKR5;
				GENERATE_INFOPLIST_FILE = YES;
				MARKETING_VERSION = 1.0;
				PRODUCT_BUNDLE_IDENTIFIER = com.KarymPizzaUITests;
				PRODUCT_NAME = "$(TARGET_NAME)";
				SWIFT_EMIT_LOC_STRINGS = NO;
				SWIFT_VERSION = 5.0;
				TARGETED_DEVICE_FAMILY = "1,2";
				TEST_TARGET_NAME = KarymPizza;
			};
			name = Release;
		};
/* End XCBuildConfiguration section */

/* Begin XCConfigurationList section */
		F2BF6F65294879E0007352C2 /* Build configuration list for PBXProject "KarymPizza" */ = {
			isa = XCConfigurationList;
			buildConfigurations = (
				F2BF6F92294879E3007352C2 /* Debug */,
				F2BF6F93294879E3007352C2 /* Release */,
			);
			defaultConfigurationIsVisible = 0;
			defaultConfigurationName = Release;
		};
		F2BF6F94294879E3007352C2 /* Build configuration list for PBXNativeTarget "KarymPizza" */ = {
			isa = XCConfigurationList;
			buildConfigurations = (
				F2BF6F95294879E3007352C2 /* Debug */,
				F2BF6F96294879E3007352C2 /* Release */,
			);
			defaultConfigurationIsVisible = 0;
			defaultConfigurationName = Release;
		};
		F2BF6F97294879E3007352C2 /* Build configuration list for PBXNativeTarget "KarymPizzaTests" */ = {
			isa = XCConfigurationList;
			buildConfigurations = (
				F2BF6F98294879E3007352C2 /* Debug */,
				F2BF6F99294879E3007352C2 /* Release */,
			);
			defaultConfigurationIsVisible = 0;
			defaultConfigurationName = Release;
		};
		F2BF6F9A294879E3007352C2 /* Build configuration list for PBXNativeTarget "KarymPizzaUITests" */ = {
			isa = XCConfigurationList;
			buildConfigurations = (
				F2BF6F9B294879E3007352C2 /* Debug */,
				F2BF6F9C294879E3007352C2 /* Release */,
			);
			defaultConfigurationIsVisible = 0;
			defaultConfigurationName = Release;
		};
/* End XCConfigurationList section */

/* Begin XCRemoteSwiftPackageReference section */
		F2BF6FB32948835E007352C2 /* XCRemoteSwiftPackageReference "firebase-ios-sdk" */ = {
			isa = XCRemoteSwiftPackageReference;
			repositoryURL = "https://github.com/firebase/firebase-ios-sdk";
			requirement = {
				kind = upToNextMajorVersion;
				minimumVersion = 9.0.0;
			};
		};
/* End XCRemoteSwiftPackageReference section */

/* Begin XCSwiftPackageProductDependency section */
		F2BF6FB42948835E007352C2 /* FirebaseAuth */ = {
			isa = XCSwiftPackageProductDependency;
			package = F2BF6FB32948835E007352C2 /* XCRemoteSwiftPackageReference "firebase-ios-sdk" */;
			productName = FirebaseAuth;
		};
		F2BF6FB62948835E007352C2 /* FirebaseDatabase */ = {
			isa = XCSwiftPackageProductDependency;
			package = F2BF6FB32948835E007352C2 /* XCRemoteSwiftPackageReference "firebase-ios-sdk" */;
			productName = FirebaseDatabase;
		};
		F2BF6FB82948835E007352C2 /* FirebaseFirestore */ = {
			isa = XCSwiftPackageProductDependency;
			package = F2BF6FB32948835E007352C2 /* XCRemoteSwiftPackageReference "firebase-ios-sdk" */;
			productName = FirebaseFirestore;
		};
		F2BF6FBA2948835F007352C2 /* FirebaseMessaging */ = {
			isa = XCSwiftPackageProductDependency;
			package = F2BF6FB32948835E007352C2 /* XCRemoteSwiftPackageReference "firebase-ios-sdk" */;
			productName = FirebaseMessaging;
		};
		F2BF6FBC2948835F007352C2 /* FirebaseStorage */ = {
			isa = XCSwiftPackageProductDependency;
			package = F2BF6FB32948835E007352C2 /* XCRemoteSwiftPackageReference "firebase-ios-sdk" */;
			productName = FirebaseStorage;
		};
/* End XCSwiftPackageProductDependency section */
	};
	rootObject = F2BF6F62294879E0007352C2 /* Project object */;
}
